
Microsoft Visual Studio Solution File, Format Version 12.00
# Visual Studio 14
VisualStudioVersion = 14.0.25420.1
MinimumVisualStudioVersion = 10.0.40219.1
Project("{2150E333-8FDC-42A3-9474-1A3956D46DE8}") = "src", "src", "{CDC4BEB3-82E3-4A3C-9CDB-F50846AEC945}"
EndProject
Project("{2150E333-8FDC-42A3-9474-1A3956D46DE8}") = "Solution Items", "Solution Items", "{D61C77C8-606B-49A4-9494-1BA9E54CD084}"
	ProjectSection(SolutionItems) = preProject
		global.json = global.json
	EndProjectSection
EndProject
Project("{8BB2217D-0F2D-49D1-97BC-3654ED321F3B}") = "OmegaTronOnionIO", "src\OmegaTronOnionIO\OmegaTronOnionIO.xproj", "{C9DF32A4-147B-4C30-9D00-3C9BB05A8E80}"
EndProject
Global
	GlobalSection(SolutionConfigurationPlatforms) = preSolution
		Debug|Any CPU = Debug|Any CPU
		Release|Any CPU = Release|Any CPU
	EndGlobalSection
	GlobalSection(ProjectConfigurationPlatforms) = postSolution
		{C9DF32A4-147B-4C30-9D00-3C9BB05A8E80}.Debug|Any CPU.ActiveCfg = Debug|Any CPU
		{C9DF32A4-147B-4C30-9D00-3C9BB05A8E80}.Debug|Any CPU.Build.0 = Debug|Any CPU
		{C9DF32A4-147B-4C30-9D00-3C9BB05A8E80}.Release|Any CPU.ActiveCfg = Release|Any CPU
		{C9DF32A4-147B-4C30-9D00-3C9BB05A8E80}.Release|Any CPU.Build.0 = Release|Any CPU
	EndGlobalSection
	GlobalSection(SolutionProperties) = preSolution
		HideSolutionNode = FALSE
	EndGlobalSection
	GlobalSection(NestedProjects) = preSolution
		{C9DF32A4-147B-4C30-9D00-3C9BB05A8E80} = {CDC4BEB3-82E3-4A3C-9CDB-F50846AEC945}
	EndGlobalSection
EndGlobal
